
Microsoft Visual Studio Solution File, Format Version 12.00
# Visual Studio Version 17
VisualStudioVersion = 17.10.34814.14
MinimumVisualStudioVersion = 10.0.40219.1
Project("{FAE04EC0-301F-11D3-BF4B-00C04F79EFBC}") = "QLHOCSINH", "QLHOCSINH\QLHOCSINH.csproj", "{B6088313-2475-4AC8-9A3C-576991ED384E}"
EndProject
Global
	GlobalSection(SolutionConfigurationPlatforms) = preSolution
		Debug|Any CPU = Debug|Any CPU
		Release|Any CPU = Release|Any CPU
	EndGlobalSection
	GlobalSection(ProjectConfigurationPlatforms) = postSolution
		{B6088313-2475-4AC8-9A3C-576991ED384E}.Debug|Any CPU.ActiveCfg = Debug|Any CPU
		{B6088313-2475-4AC8-9A3C-576991ED384E}.Debug|Any CPU.Build.0 = Debug|Any CPU
		{B6088313-2475-4AC8-9A3C-576991ED384E}.Release|Any CPU.ActiveCfg = Release|Any CPU
		{B6088313-2475-4AC8-9A3C-576991ED384E}.Release|Any CPU.Build.0 = Release|Any CPU
	EndGlobalSection
	GlobalSection(SolutionProperties) = preSolution
		HideSolutionNode = FALSE
	EndGlobalSection
	GlobalSection(ExtensibilityGlobals) = postSolution
		SolutionGuid = {709D299B-9232-4C4D-81FB-823976216583}
	EndGlobalSection
EndGlobal
